
Microsoft Visual Studio Solution File, Format Version 12.00
# Visual Studio Version 17
VisualStudioVersion = 17.9.34723.18
MinimumVisualStudioVersion = 10.0.40219.1
Project("{FAE04EC0-301F-11D3-BF4B-00C04F79EFBC}") = "Calculo IMC", "Calculo IMC\Calculo IMC.csproj", "{6CC84BF5-00CF-4EB5-A140-23B99D096C54}"
EndProject
Project("{FAE04EC0-301F-11D3-BF4B-00C04F79EFBC}") = "Calculo de propina", "Calculo de propina\Calculo de propina.csproj", "{EE2AF61B-D290-42C8-92C3-24151D6DEA85}"
EndProject
Global
	GlobalSection(SolutionConfigurationPlatforms) = preSolution
		Debug|Any CPU = Debug|Any CPU
		Release|Any CPU = Release|Any CPU
	EndGlobalSection
	GlobalSection(ProjectConfigurationPlatforms) = postSolution
		{6CC84BF5-00CF-4EB5-A140-23B99D096C54}.Debug|Any CPU.ActiveCfg = Debug|Any CPU
		{6CC84BF5-00CF-4EB5-A140-23B99D096C54}.Debug|Any CPU.Build.0 = Debug|Any CPU
		{6CC84BF5-00CF-4EB5-A140-23B99D096C54}.Release|Any CPU.ActiveCfg = Release|Any CPU
		{6CC84BF5-00CF-4EB5-A140-23B99D096C54}.Release|Any CPU.Build.0 = Release|Any CPU
		{EE2AF61B-D290-42C8-92C3-24151D6DEA85}.Debug|Any CPU.ActiveCfg = Debug|Any CPU
		{EE2AF61B-D290-42C8-92C3-24151D6DEA85}.Debug|Any CPU.Build.0 = Debug|Any CPU
		{EE2AF61B-D290-42C8-92C3-24151D6DEA85}.Release|Any CPU.ActiveCfg = Release|Any CPU
		{EE2AF61B-D290-42C8-92C3-24151D6DEA85}.Release|Any CPU.Build.0 = Release|Any CPU
	EndGlobalSection
	GlobalSection(SolutionProperties) = preSolution
		HideSolutionNode = FALSE
	EndGlobalSection
	GlobalSection(ExtensibilityGlobals) = postSolution
		SolutionGuid = {975775C7-4443-4E83-B863-1264B450CA08}
	EndGlobalSection
EndGlobal
